
Microsoft Visual Studio Solution File, Format Version 12.00
Project("{FAE04EC0-301F-11D3-BF4B-00C04F79EFBC}") = "LocalizationManager", "LocalizationManager\LocalizationManager.csproj", "{43E47C8E-B712-4233-919F-7E1D7389406E}"
EndProject
Global
	GlobalSection(SolutionConfigurationPlatforms) = preSolution
		Debug|Any CPU = Debug|Any CPU
		Release|Any CPU = Release|Any CPU
	EndGlobalSection
	GlobalSection(ProjectConfigurationPlatforms) = postSolution
		{43E47C8E-B712-4233-919F-7E1D7389406E}.Debug|Any CPU.ActiveCfg = Debug|Any CPU
		{43E47C8E-B712-4233-919F-7E1D7389406E}.Debug|Any CPU.Build.0 = Debug|Any CPU
		{43E47C8E-B712-4233-919F-7E1D7389406E}.Release|Any CPU.ActiveCfg = Release|Any CPU
		{43E47C8E-B712-4233-919F-7E1D7389406E}.Release|Any CPU.Build.0 = Release|Any CPU
	EndGlobalSection
EndGlobal
